
Microsoft Visual Studio Solution File, Format Version 12.00
# Visual Studio Version 16
VisualStudioVersion = 16.0.29025.244
MinimumVisualStudioVersion = 10.0.40219.1
Project("{9A19103F-16F7-4668-BE54-9A1E7A4F7556}") = "DG.NumbersToWords", "src\DG.NumbersToWords\DG.NumbersToWords.csproj", "{0840B692-033F-4260-8471-DCE7FED8CB72}"
EndProject
Project("{FAE04EC0-301F-11D3-BF4B-00C04F79EFBC}") = "DG.NumbersToWordsTests", "DG.NumbersToWordsTests\DG.NumbersToWordsTests.csproj", "{0E8D3912-F0D4-49E4-A95A-094FC45E234D}"
EndProject
Global
	GlobalSection(SolutionConfigurationPlatforms) = preSolution
		Debug|Any CPU = Debug|Any CPU
		Release|Any CPU = Release|Any CPU
	EndGlobalSection
	GlobalSection(ProjectConfigurationPlatforms) = postSolution
		{0840B692-033F-4260-8471-DCE7FED8CB72}.Debug|Any CPU.ActiveCfg = Debug|Any CPU
		{0840B692-033F-4260-8471-DCE7FED8CB72}.Debug|Any CPU.Build.0 = Debug|Any CPU
		{0840B692-033F-4260-8471-DCE7FED8CB72}.Release|Any CPU.ActiveCfg = Release|Any CPU
		{0840B692-033F-4260-8471-DCE7FED8CB72}.Release|Any CPU.Build.0 = Release|Any CPU
		{0E8D3912-F0D4-49E4-A95A-094FC45E234D}.Debug|Any CPU.ActiveCfg = Debug|Any CPU
		{0E8D3912-F0D4-49E4-A95A-094FC45E234D}.Debug|Any CPU.Build.0 = Debug|Any CPU
		{0E8D3912-F0D4-49E4-A95A-094FC45E234D}.Release|Any CPU.ActiveCfg = Release|Any CPU
		{0E8D3912-F0D4-49E4-A95A-094FC45E234D}.Release|Any CPU.Build.0 = Release|Any CPU
	EndGlobalSection
	GlobalSection(SolutionProperties) = preSolution
		HideSolutionNode = FALSE
	EndGlobalSection
	GlobalSection(ExtensibilityGlobals) = postSolution
		SolutionGuid = {8A371538-B04E-4968-9DF9-FC952F2DFD78}
	EndGlobalSection
EndGlobal
